# This file is autogenerated, do not edit; changes may be undone by the next 'dep ensure'.


[[projects]]
  name = "cloud.google.com/go"
  packages = ["compute/metadata"]
  revision = "0f0b8420cb699ac4ce059c63bac263f4301fe95b"
  version = "v0.12.0"

[[projects]]
  name = "github.com/Azure/azure-sdk-for-go"
  packages = ["arm/dns"]
  revision = "57db66900881e9fd21fd041a9d013514700ecab3"
  version = "v10.3.0-beta"

[[projects]]
  name = "github.com/Azure/go-autorest"
  packages = ["autorest","autorest/adal","autorest/azure","autorest/date","autorest/to"]
  revision = "5432abe734f8d95c78340cd56712f912906e6514"
  version = "v8.3.1"

[[projects]]
  name = "github.com/JamesClonk/vultr"
  packages = ["lib"]
  revision = "abaa6c05a3ff93c18a1443d1ee4f7c72849235eb"
  version = "1.13.0"

[[projects]]
  name = "github.com/Sirupsen/logrus"
  packages = ["."]
  revision = "f006c2ac4710855cf0f916dd6b77acf6b048dc6e"
  version = "v1.0.3"

[[projects]]
  name = "github.com/aws/aws-sdk-go"
  packages = ["aws","aws/awserr","aws/awsutil","aws/client","aws/client/metadata","aws/corehandlers","aws/credentials","aws/credentials/ec2rolecreds","aws/credentials/endpointcreds","aws/credentials/stscreds","aws/defaults","aws/ec2metadata","aws/endpoints","aws/request","aws/session","aws/signer/v4","internal/shareddefaults","private/protocol","private/protocol/query","private/protocol/query/queryutil","private/protocol/rest","private/protocol/restxml","private/protocol/xml/xmlutil","service/route53","service/sts"]
  revision = "5b4d64c21c9af31b5c870528001cd2e3ef37bfe0"
  version = "v1.10.34"

[[projects]]
  branch = "master"
  name = "github.com/decker502/dnspod-go"
  packages = ["."]
  revision = "f33a2c6040fc2550a631de7b3a53bddccdcd73fb"

[[projects]]
  name = "github.com/dgrijalva/jwt-go"
  packages = ["."]
  revision = "d2709f9f1f31ebcda9651b03077758c1f3a0018c"
  version = "v3.0.0"

[[projects]]
  name = "github.com/dnsimple/dnsimple-go"
  packages = ["dnsimple"]
  revision = "d1105abc03b313d7b8d9b04364f6bd053b346e59"
  version = "v0.14.0"

[[projects]]
  name = "github.com/edeckers/auroradnsclient"
  packages = [".","records","requests","requests/errors","tokens","zones"]
  revision = "162bb44ced7c904d522c3bbc2ab89403f5bda736"
  version = "v1.0.2"

[[projects]]
  name = "github.com/ericchiang/k8s"
  packages = [".","api/resource","api/unversioned","api/v1","apis/apps/v1alpha1","apis/apps/v1beta1","apis/authentication/v1","apis/authentication/v1beta1","apis/authorization/v1","apis/authorization/v1beta1","apis/autoscaling/v1","apis/autoscaling/v2alpha1","apis/batch/v1","apis/batch/v2alpha1","apis/certificates/v1alpha1","apis/certificates/v1beta1","apis/extensions/v1beta1","apis/imagepolicy/v1alpha1","apis/meta/v1","apis/policy/v1alpha1","apis/policy/v1beta1","apis/rbac/v1alpha1","apis/rbac/v1beta1","apis/settings/v1alpha1","apis/storage/v1","apis/storage/v1beta1","runtime","runtime/schema","util/intstr","watch/versioned"]
  revision = "68b0248f880c5967d1ba7166486cb216af849b15"
  version = "v0.4.0"

[[projects]]
  name = "github.com/go-ini/ini"
  packages = ["."]
  revision = "d3de07a94d22b4a0972deb4b96d790c2c0ce8333"
  version = "v1.28.0"

[[projects]]
  branch = "master"
  name = "github.com/golang/protobuf"
  packages = ["proto"]
  revision = "ab9f9a6dab164b7d1246e0e688b0ab7b94d8553e"

[[projects]]
  branch = "master"
  name = "github.com/google/go-querystring"
  packages = ["query"]
  revision = "53e6ce116135b80d037921a7fdd5138cf32d7a8a"

[[projects]]
  name = "github.com/jmespath/go-jmespath"
  packages = ["."]
  revision = "3433f3ea46d9f8019119e7dd41274e112a2359a9"
  version = "0.2.2"

[[projects]]
  branch = "master"
  name = "github.com/juju/ratelimit"
  packages = ["."]
  revision = "5b9ff866471762aa2ab2dced63c9fb6f53921342"

[[projects]]
  branch = "master"
  name = "github.com/miekg/dns"
  packages = ["."]
  revision = "e4205768578dc90c2669e75a2f8a8bf77e3083a4"

[[projects]]
  branch = "master"
  name = "github.com/ovh/go-ovh"
  packages = ["ovh"]
  revision = "d95f6f91b1fb339a53fc438df7289cd85756193b"

[[projects]]
  branch = "master"
  name = "github.com/pyr/egoscale"
  packages = ["src/egoscale"]
  revision = "6d4bce648770ef59cc1356b9207afaffe93dcb09"

[[projects]]
  branch = "master"
  name = "github.com/timewasted/linode"
  packages = [".","dns"]
  revision = "37e84520dcf74488f67654f9c775b9752c232dc1"

[[projects]]
  name = "github.com/xenolf/lego"
  packages = ["acme","providers/dns","providers/dns/auroradns","providers/dns/azure","providers/dns/cloudflare","providers/dns/digitalocean","providers/dns/dnsimple","providers/dns/dnsmadeeasy","providers/dns/dnspod","providers/dns/dyn","providers/dns/exoscale","providers/dns/gandi","providers/dns/googlecloud","providers/dns/linode","providers/dns/namecheap","providers/dns/ns1","providers/dns/ovh","providers/dns/pdns","providers/dns/rackspace","providers/dns/rfc2136","providers/dns/route53","providers/dns/vultr"]
  revision = "192334c448f7e1e271bca93062f2f295cb3f35c8"
  version = "v0.4.0"

[[projects]]
  branch = "master"
  name = "golang.org/x/crypto"
  packages = ["ocsp","ssh/terminal"]
  revision = "81e90905daefcd6fd217b62423c0908922eadb30"

[[projects]]
  branch = "master"
  name = "golang.org/x/net"
  packages = ["context","context/ctxhttp","http2","http2/hpack","idna","lex/httplex","publicsuffix"]
  revision = "66aacef3dd8a676686c7ae3716979581e8b03c47"

[[projects]]
  branch = "master"
  name = "golang.org/x/oauth2"
  packages = [".","google","internal","jws","jwt"]
  revision = "9a379c6b3e95a790ffc43293c2a78dee0d7b6e20"

[[projects]]
  branch = "master"
  name = "golang.org/x/sys"
  packages = ["unix","windows"]
  revision = "ab9e364efd8b52800ff7ee48a9ffba4e0ed78dfb"

[[projects]]
  branch = "master"
  name = "golang.org/x/text"
  packages = ["internal/gen","internal/triegen","internal/ucd","secure/bidirule","transform","unicode/bidi","unicode/cldr","unicode/norm","unicode/rangetable"]
  revision = "18c65dde6afd36dbc39197ca72008895b8dfbfb6"

[[projects]]
  branch = "master"
  name = "golang.org/x/tools"
  packages = ["go/ast/astutil","go/buildutil","go/loader"]
  revision = "1736caf17f29e06c0475c0d334e921f1d96a6598"

[[projects]]
  branch = "master"
  name = "google.golang.org/api"
  packages = ["dns/v1","gensupport","googleapi","googleapi/internal/uritemplates"]
  revision = "e0e0e6e500066ff47335c7717e2a090ad127adec"

[[projects]]
  name = "google.golang.org/appengine"
  packages = [".","internal","internal/app_identity","internal/base","internal/datastore","internal/log","internal/modules","internal/remote_api","internal/urlfetch","urlfetch"]
  revision = "150dc57a1b433e64154302bdc40b6bb8aefa313a"
  version = "v1.0.0"

[[projects]]
  name = "gopkg.in/ini.v1"
  packages = ["."]
  revision = "20b96f641a5ea98f2f8619ff4f3e061cff4833bd"
  version = "v1.28.2"

[[projects]]
  branch = "v2"
  name = "gopkg.in/ns1/ns1-go.v2"
  packages = ["rest","rest/model/account","rest/model/data","rest/model/dns","rest/model/filter","rest/model/monitor"]
  revision = "c563826f4cbef9c11bebeb9f20a3f7afe9c1e2f4"

[[projects]]
  name = "gopkg.in/square/go-jose.v1"
  packages = [".","cipher","json"]
  revision = "aa2e30fdd1fe9dd3394119af66451ae790d50e0d"
  version = "v1.1.0"

[[projects]]
  branch = "v2"
  name = "gopkg.in/yaml.v2"
  packages = ["."]
  revision = "eb3733d160e74a9c7e442f435eb3bea458e1d19f"

[solve-meta]
  analyzer-name = "dep"
  analyzer-version = 1
  inputs-digest = "d8bfd3ffcac7168ad9d0e5c32d3b6900e7927b8483288aebef9f654832b19098"
  solver-name = "gps-cdcl"
  solver-version = 1
